// !$*UTF8*$!
{
	archiveVersion = 1;
	classes = {
	};
	objectVersion = 50;
	objects = {

/* Begin PBXBuildFile section */
		2C9775C822C3E8BD00D090F7 /* PeopleController.swift in Sources */ = {isa = PBXBuildFile; fileRef = 2C9775C722C3E8BD00D090F7 /* PeopleController.swift */; };
		2C9775CA22C3F25A00D090F7 /* PeopleTableViewController.swift in Sources */ = {isa = PBXBuildFile; fileRef = 2C9775C922C3F25A00D090F7 /* PeopleTableViewController.swift */; };
		2C9775CC22C40B6200D090F7 /* PeopleDetailViewController.swift in Sources */ = {isa = PBXBuildFile; fileRef = 2C9775CB22C40B6200D090F7 /* PeopleDetailViewController.swift */; };
		2CB3817322C3D98E00E8A54B /* AppDelegate.swift in Sources */ = {isa = PBXBuildFile; fileRef = 2CB3817222C3D98E00E8A54B /* AppDelegate.swift */; };
		2CB3817822C3D98E00E8A54B /* Main.storyboard in Resources */ = {isa = PBXBuildFile; fileRef = 2CB3817622C3D98E00E8A54B /* Main.storyboard */; };
		2CB3817A22C3D99400E8A54B /* Assets.xcassets in Resources */ = {isa = PBXBuildFile; fileRef = 2CB3817922C3D99400E8A54B /* Assets.xcassets */; };
		2CB3817D22C3D99400E8A54B /* LaunchScreen.storyboard in Resources */ = {isa = PBXBuildFile; fileRef = 2CB3817B22C3D99400E8A54B /* LaunchScreen.storyboard */; };
		2CB3818B22C3E2C500E8A54B /* People.swift in Sources */ = {isa = PBXBuildFile; fileRef = 2CB3818A22C3E2C500E8A54B /* People.swift */; };
		2CD2A93A22C41D03003B006A /* Planet.swift in Sources */ = {isa = PBXBuildFile; fileRef = 2CD2A93922C41D03003B006A /* Planet.swift */; };
/* End PBXBuildFile section */

/* Begin PBXFileReference section */
		2C9775C722C3E8BD00D090F7 /* PeopleController.swift */ = {isa = PBXFileReference; lastKnownFileType = sourcecode.swift; path = PeopleController.swift; sourceTree = "<group>"; };
		2C9775C922C3F25A00D090F7 /* PeopleTableViewController.swift */ = {isa = PBXFileReference; lastKnownFileType = sourcecode.swift; path = PeopleTableViewController.swift; sourceTree = "<group>"; };
		2C9775CB22C40B6200D090F7 /* PeopleDetailViewController.swift */ = {isa = PBXFileReference; lastKnownFileType = sourcecode.swift; path = PeopleDetailViewController.swift; sourceTree = "<group>"; };
		2CB3816F22C3D98E00E8A54B /* StarWars.app */ = {isa = PBXFileReference; explicitFileType = wrapper.application; includeInIndex = 0; path = StarWars.app; sourceTree = BUILT_PRODUCTS_DIR; };
		2CB3817222C3D98E00E8A54B /* AppDelegate.swift */ = {isa = PBXFileReference; lastKnownFileType = sourcecode.swift; path = AppDelegate.swift; sourceTree = "<group>"; };
		2CB3817722C3D98E00E8A54B /* Base */ = {isa = PBXFileReference; lastKnownFileType = file.storyboard; name = Base; path = Base.lproj/Main.storyboard; sourceTree = "<group>"; };
		2CB3817922C3D99400E8A54B /* Assets.xcassets */ = {isa = PBXFileReference; lastKnownFileType = folder.assetcatalog; path = Assets.xcassets; sourceTree = "<group>"; };
		2CB3817C22C3D99400E8A54B /* Base */ = {isa = PBXFileReference; lastKnownFileType = file.storyboard; name = Base; path = Base.lproj/LaunchScreen.storyboard; sourceTree = "<group>"; };
		2CB3817E22C3D99400E8A54B /* Info.plist */ = {isa = PBXFileReference; lastKnownFileType = text.plist.xml; path = Info.plist; sourceTree = "<group>"; };
		2CB3818A22C3E2C500E8A54B /* People.swift */ = {isa = PBXFileReference; lastKnownFileType = sourcecode.swift; path = People.swift; sourceTree = "<group>"; };
		2CD2A93922C41D03003B006A /* Planet.swift */ = {isa = PBXFileReference; lastKnownFileType = sourcecode.swift; path = Planet.swift; sourceTree = "<group>"; };
/* End PBXFileReference section */

/* Begin PBXFrameworksBuildPhase section */
		2CB3816C22C3D98E00E8A54B /* Frameworks */ = {
			isa = PBXFrameworksBuildPhase;
			buildActionMask = 2147483647;
			files = (
			);
			runOnlyForDeploymentPostprocessing = 0;
		};
/* End PBXFrameworksBuildPhase section */

/* Begin PBXGroup section */
		2CB3816622C3D98E00E8A54B = {
			isa = PBXGroup;
			children = (
				2CB3817122C3D98E00E8A54B /* StarWars */,
				2CB3817022C3D98E00E8A54B /* Products */,
			);
			sourceTree = "<group>";
		};
		2CB3817022C3D98E00E8A54B /* Products */ = {
			isa = PBXGroup;
			children = (
				2CB3816F22C3D98E00E8A54B /* StarWars.app */,
			);
			name = Products;
			sourceTree = "<group>";
		};
		2CB3817122C3D98E00E8A54B /* StarWars */ = {
			isa = PBXGroup;
			children = (
				2CB3818722C3DA2000E8A54B /* Views */,
				2CB3818622C3DA1900E8A54B /* Controllers */,
				2CB3818522C3DA1300E8A54B /* Models */,
				2CB3818422C3DA0700E8A54B /* Resources */,
			);
			path = StarWars;
			sourceTree = "<group>";
		};
		2CB3818422C3DA0700E8A54B /* Resources */ = {
			isa = PBXGroup;
			children = (
				2CB3817222C3D98E00E8A54B /* AppDelegate.swift */,
				2CB3817922C3D99400E8A54B /* Assets.xcassets */,
				2CB3817B22C3D99400E8A54B /* LaunchScreen.storyboard */,
				2CB3817E22C3D99400E8A54B /* Info.plist */,
			);
			path = Resources;
			sourceTree = "<group>";
		};
		2CB3818522C3DA1300E8A54B /* Models */ = {
			isa = PBXGroup;
			children = (
				2CB3818A22C3E2C500E8A54B /* People.swift */,
				2CD2A93922C41D03003B006A /* Planet.swift */,
			);
			path = Models;
			sourceTree = "<group>";
		};
		2CB3818622C3DA1900E8A54B /* Controllers */ = {
			isa = PBXGroup;
			children = (
				2CB3818922C3DA2F00E8A54B /* View Controllers */,
				2CB3818822C3DA2700E8A54B /* Model Controllers */,
			);
			path = Controllers;
			sourceTree = "<group>";
		};
		2CB3818722C3DA2000E8A54B /* Views */ = {
			isa = PBXGroup;
			children = (
				2CB3817622C3D98E00E8A54B /* Main.storyboard */,
			);
			path = Views;
			sourceTree = "<group>";
		};
		2CB3818822C3DA2700E8A54B /* Model Controllers */ = {
			isa = PBXGroup;
			children = (
				2C9775C722C3E8BD00D090F7 /* PeopleController.swift */,
			);
			path = "Model Controllers";
			sourceTree = "<group>";
		};
		2CB3818922C3DA2F00E8A54B /* View Controllers */ = {
			isa = PBXGroup;
			children = (
				2C9775C922C3F25A00D090F7 /* PeopleTableViewController.swift */,
				2C9775CB22C40B6200D090F7 /* PeopleDetailViewController.swift */,
			);
			path = "View Controllers";
			sourceTree = "<group>";
		};
/* End PBXGroup section */

/* Begin PBXNativeTarget section */
		2CB3816E22C3D98E00E8A54B /* StarWars */ = {
			isa = PBXNativeTarget;
			buildConfigurationList = 2CB3818122C3D99400E8A54B /* Build configuration list for PBXNativeTarget "StarWars" */;
			buildPhases = (
				2CB3816B22C3D98E00E8A54B /* Sources */,
				2CB3816C22C3D98E00E8A54B /* Frameworks */,
				2CB3816D22C3D98E00E8A54B /* Resources */,
			);
			buildRules = (
			);
			dependencies = (
			);
			name = StarWars;
			productName = StarWars;
			productReference = 2CB3816F22C3D98E00E8A54B /* StarWars.app */;
			productType = "com.apple.product-type.application";
		};
/* End PBXNativeTarget section */

/* Begin PBXProject section */
		2CB3816722C3D98E00E8A54B /* Project object */ = {
			isa = PBXProject;
			attributes = {
				LastSwiftUpdateCheck = 1020;
				LastUpgradeCheck = 1020;
				ORGANIZATIONNAME = "Darin Marcus Armstrong";
				TargetAttributes = {
					2CB3816E22C3D98E00E8A54B = {
						CreatedOnToolsVersion = 10.2.1;
					};
				};
			};
			buildConfigurationList = 2CB3816A22C3D98E00E8A54B /* Build configuration list for PBXProject "StarWars" */;
			compatibilityVersion = "Xcode 9.3";
			developmentRegion = en;
			hasScannedForEncodings = 0;
			knownRegions = (
				en,
				Base,
			);
			mainGroup = 2CB3816622C3D98E00E8A54B;
			productRefGroup = 2CB3817022C3D98E00E8A54B /* Products */;
			projectDirPath = "";
			projectRoot = "";
			targets = (
				2CB3816E22C3D98E00E8A54B /* StarWars */,
			);
		};
/* End PBXProject section */

/* Begin PBXResourcesBuildPhase section */
		2CB3816D22C3D98E00E8A54B /* Resources */ = {
			isa = PBXResourcesBuildPhase;
			buildActionMask = 2147483647;
			files = (
				2CB3817D22C3D99400E8A54B /* LaunchScreen.storyboard in Resources */,
				2CB3817A22C3D99400E8A54B /* Assets.xcassets in Resources */,
				2CB3817822C3D98E00E8A54B /* Main.storyboard in Resources */,
			);
			runOnlyForDeploymentPostprocessing = 0;
		};
/* End PBXResourcesBuildPhase section */

/* Begin PBXSourcesBuildPhase section */
		2CB3816B22C3D98E00E8A54B /* Sources */ = {
			isa = PBXSourcesBuildPhase;
			buildActionMask = 2147483647;
			files = (
				2CB3818B22C3E2C500E8A54B /* People.swift in Sources */,
				2CB3817322C3D98E00E8A54B /* AppDelegate.swift in Sources */,
				2C9775CC22C40B6200D090F7 /* PeopleDetailViewController.swift in Sources */,
				2CD2A93A22C41D03003B006A /* Planet.swift in Sources */,
				2C9775CA22C3F25A00D090F7 /* PeopleTableViewController.swift in Sources */,
				2C9775C822C3E8BD00D090F7 /* PeopleController.swift in Sources */,
			);
			runOnlyForDeploymentPostprocessing = 0;
		};
/* End PBXSourcesBuildPhase section */

/* Begin PBXVariantGroup section */
		2CB3817622C3D98E00E8A54B /* Main.storyboard */ = {
			isa = PBXVariantGroup;
			children = (
				2CB3817722C3D98E00E8A54B /* Base */,
			);
			name = Main.storyboard;
			sourceTree = "<group>";
		};
		2CB3817B22C3D99400E8A54B /* LaunchScreen.storyboard */ = {
			isa = PBXVariantGroup;
			children = (
				2CB3817C22C3D99400E8A54B /* Base */,
			);
			name = LaunchScreen.storyboard;
			sourceTree = "<group>";
		};
/* End PBXVariantGroup section */

/* Begin XCBuildConfiguration section */
		2CB3817F22C3D99400E8A54B /* Debug */ = {
			isa = XCBuildConfiguration;
			buildSettings = {
				ALWAYS_SEARCH_USER_PATHS = NO;
				CLANG_ANALYZER_NONNULL = YES;
				CLANG_ANALYZER_NUMBER_OBJECT_CONVERSION = YES_AGGRESSIVE;
				CLANG_CXX_LANGUAGE_STANDARD = "gnu++14";
				CLANG_CXX_LIBRARY = "libc++";
				CLANG_ENABLE_MODULES = YES;
				CLANG_ENABLE_OBJC_ARC = YES;
				CLANG_ENABLE_OBJC_WEAK = YES;
				CLANG_WARN_BLOCK_CAPTURE_AUTORELEASING = YES;
				CLANG_WARN_BOOL_CONVERSION = YES;
				CLANG_WARN_COMMA = YES;
				CLANG_WARN_CONSTANT_CONVERSION = YES;
				CLANG_WARN_DEPRECATED_OBJC_IMPLEMENTATIONS = YES;
				CLANG_WARN_DIRECT_OBJC_ISA_USAGE = YES_ERROR;
				CLANG_WARN_DOCUMENTATION_COMMENTS = YES;
				CLANG_WARN_EMPTY_BODY = YES;
				CLANG_WARN_ENUM_CONVERSION = YES;
				CLANG_WARN_INFINITE_RECURSION = YES;
				CLANG_WARN_INT_CONVERSION = YES;
				CLANG_WARN_NON_LITERAL_NULL_CONVERSION = YES;
				CLANG_WARN_OBJC_IMPLICIT_RETAIN_SELF = YES;
				CLANG_WARN_OBJC_LITERAL_CONVERSION = YES;
				CLANG_WARN_OBJC_ROOT_CLASS = YES_ERROR;
				CLANG_WARN_RANGE_LOOP_ANALYSIS = YES;
				CLANG_WARN_STRICT_PROTOTYPES = YES;
				CLANG_WARN_SUSPICIOUS_MOVE = YES;
				CLANG_WARN_UNGUARDED_AVAILABILITY = YES_AGGRESSIVE;
				CLANG_WARN_UNREACHABLE_CODE = YES;
				CLANG_WARN__DUPLICATE_METHOD_MATCH = YES;
				CODE_SIGN_IDENTITY = "iPhone Developer";
				COPY_PHASE_STRIP = NO;
				DEBUG_INFORMATION_FORMAT = dwarf;
				ENABLE_STRICT_OBJC_MSGSEND = YES;
				ENABLE_TESTABILITY = YES;
				GCC_C_LANGUAGE_STANDARD = gnu11;
				GCC_DYNAMIC_NO_PIC = NO;
				GCC_NO_COMMON_BLOCKS = YES;
				GCC_OPTIMIZATION_LEVEL = 0;
				GCC_PREPROCESSOR_DEFINITIONS = (
					"DEBUG=1",
					"$(inherited)",
				);
				GCC_WARN_64_TO_32_BIT_CONVERSION = YES;
				GCC_WARN_ABOUT_RETURN_TYPE = YES_ERROR;
				GCC_WARN_UNDECLARED_SELECTOR = YES;
				GCC_WARN_UNINITIALIZED_AUTOS = YES_AGGRESSIVE;
				GCC_WARN_UNUSED_FUNCTION = YES;
				GCC_WARN_UNUSED_VARIABLE = YES;
				IPHONEOS_DEPLOYMENT_TARGET = 12.2;
				MTL_ENABLE_DEBUG_INFO = INCLUDE_SOURCE;
				MTL_FAST_MATH = YES;
				ONLY_ACTIVE_ARCH = YES;
				SDKROOT = iphoneos;
				SWIFT_ACTIVE_COMPILATION_CONDITIONS = DEBUG;
				SWIFT_OPTIMIZATION_LEVEL = "-Onone";
			};
			name = Debug;
		};
		2CB3818022C3D99400E8A54B /* Release */ = {
			isa = XCBuildConfiguration;
			buildSettings = {
				ALWAYS_SEARCH_USER_PATHS = NO;
				CLANG_ANALYZER_NONNULL = YES;
				CLANG_ANALYZER_NUMBER_OBJECT_CONVERSION = YES_AGGRESSIVE;
				CLANG_CXX_LANGUAGE_STANDARD = "gnu++14";
				CLANG_CXX_LIBRARY = "libc++";
				CLANG_ENABLE_MODULES = YES;
				CLANG_ENABLE_OBJC_ARC = YES;
				CLANG_ENABLE_OBJC_WEAK = YES;
				CLANG_WARN_BLOCK_CAPTURE_AUTORELEASING = YES;
				CLANG_WARN_BOOL_CONVERSION = YES;
				CLANG_WARN_COMMA = YES;
				CLANG_WARN_CONSTANT_CONVERSION = YES;
				CLANG_WARN_DEPRECATED_OBJC_IMPLEMENTATIONS = YES;
				CLANG_WARN_DIRECT_OBJC_ISA_USAGE = YES_ERROR;
				CLANG_WARN_DOCUMENTATION_COMMENTS = YES;
				CLANG_WARN_EMPTY_BODY = YES;
				CLANG_WARN_ENUM_CONVERSION = YES;
				CLANG_WARN_INFINITE_RECURSION = YES;
				CLANG_WARN_INT_CONVERSION = YES;
				CLANG_WARN_NON_LITERAL_NULL_CONVERSION = YES;
				CLANG_WARN_OBJC_IMPLICIT_RETAIN_SELF = YES;
				CLANG_WARN_OBJC_LITERAL_CONVERSION = YES;
				CLANG_WARN_OBJC_ROOT_CLASS = YES_ERROR;
				CLANG_WARN_RANGE_LOOP_ANALYSIS = YES;
				CLANG_WARN_STRICT_PROTOTYPES = YES;
				CLANG_WARN_SUSPICIOUS_MOVE = YES;
				CLANG_WARN_UNGUARDED_AVAILABILITY = YES_AGGRESSIVE;
				CLANG_WARN_UNREACHABLE_CODE = YES;
				CLANG_WARN__DUPLICATE_METHOD_MATCH = YES;
				CODE_SIGN_IDENTITY = "iPhone Developer";
				COPY_PHASE_STRIP = NO;
				DEBUG_INFORMATION_FORMAT = "dwarf-with-dsym";
				ENABLE_NS_ASSERTIONS = NO;
				ENABLE_STRICT_OBJC_MSGSEND = YES;
				GCC_C_LANGUAGE_STANDARD = gnu11;
				GCC_NO_COMMON_BLOCKS = YES;
				GCC_WARN_64_TO_32_BIT_CONVERSION = YES;
				GCC_WARN_ABOUT_RETURN_TYPE = YES_ERROR;
				GCC_WARN_UNDECLARED_SELECTOR = YES;
				GCC_WARN_UNINITIALIZED_AUTOS = YES_AGGRESSIVE;
				GCC_WARN_UNUSED_FUNCTION = YES;
				GCC_WARN_UNUSED_VARIABLE = YES;
				IPHONEOS_DEPLOYMENT_TARGET = 12.2;
				MTL_ENABLE_DEBUG_INFO = NO;
				MTL_FAST_MATH = YES;
				SDKROOT = iphoneos;
				SWIFT_COMPILATION_MODE = wholemodule;
				SWIFT_OPTIMIZATION_LEVEL = "-O";
				VALIDATE_PRODUCT = YES;
			};
			name = Release;
		};
		2CB3818222C3D99400E8A54B /* Debug */ = {
			isa = XCBuildConfiguration;
			buildSettings = {
				ASSETCATALOG_COMPILER_APPICON_NAME = AppIcon;
				CODE_SIGN_STYLE = Automatic;
				DEVELOPMENT_TEAM = QP48FW2MG5;
				INFOPLIST_FILE = "$(SRCROOT)/StarWars/Resources/Info.plist";
				LD_RUNPATH_SEARCH_PATHS = (
					"$(inherited)",
					"@executable_path/Frameworks",
				);
				PRODUCT_BUNDLE_IDENTIFIER = DMA.StarWars;
				PRODUCT_NAME = "$(TARGET_NAME)";
				SWIFT_VERSION = 5.0;
				TARGETED_DEVICE_FAMILY = "1,2";
			};
			name = Debug;
		};
		2CB3818322C3D99400E8A54B /* Release */ = {
			isa = XCBuildConfiguration;
			buildSettings = {
				ASSETCATALOG_COMPILER_APPICON_NAME = AppIcon;
				CODE_SIGN_STYLE = Automatic;
				DEVELOPMENT_TEAM = QP48FW2MG5;
				INFOPLIST_FILE = "$(SRCROOT)/StarWars/Resources/Info.plist";
				LD_RUNPATH_SEARCH_PATHS = (
					"$(inherited)",
					"@executable_path/Frameworks",
				);
				PRODUCT_BUNDLE_IDENTIFIER = DMA.StarWars;
				PRODUCT_NAME = "$(TARGET_NAME)";
				SWIFT_VERSION = 5.0;
				TARGETED_DEVICE_FAMILY = "1,2";
			};
			name = Release;
		};
/* End XCBuildConfiguration section */

/* Begin XCConfigurationList section */
		2CB3816A22C3D98E00E8A54B /* Build configuration list for PBXProject "StarWars" */ = {
			isa = XCConfigurationList;
			buildConfigurations = (
				2CB3817F22C3D99400E8A54B /* Debug */,
				2CB3818022C3D99400E8A54B /* Release */,
			);
			defaultConfigurationIsVisible = 0;
			defaultConfigurationName = Release;
		};
		2CB3818122C3D99400E8A54B /* Build configuration list for PBXNativeTarget "StarWars" */ = {
			isa = XCConfigurationList;
			buildConfigurations = (
				2CB3818222C3D99400E8A54B /* Debug */,
				2CB3818322C3D99400E8A54B /* Release */,
			);
			defaultConfigurationIsVisible = 0;
			defaultConfigurationName = Release;
		};
/* End XCConfigurationList section */
	};
	rootObject = 2CB3816722C3D98E00E8A54B /* Project object */;
}
